
Microsoft Visual Studio Solution File, Format Version 12.00
# Visual Studio Version 16
VisualStudioVersion = 16.0.31105.61
MinimumVisualStudioVersion = 10.0.40219.1
Project("{FAE04EC0-301F-11D3-BF4B-00C04F79EFBC}") = "prjControleCustomizado", "prjControleCustomizado.csproj", "{B4D19E8C-E92A-4678-9730-50FCA5463DA1}"
EndProject
Global
	GlobalSection(SolutionConfigurationPlatforms) = preSolution
		Debug|Any CPU = Debug|Any CPU
		Release|Any CPU = Release|Any CPU
	EndGlobalSection
	GlobalSection(ProjectConfigurationPlatforms) = postSolution
		{B4D19E8C-E92A-4678-9730-50FCA5463DA1}.Debug|Any CPU.ActiveCfg = Debug|Any CPU
		{B4D19E8C-E92A-4678-9730-50FCA5463DA1}.Debug|Any CPU.Build.0 = Debug|Any CPU
		{B4D19E8C-E92A-4678-9730-50FCA5463DA1}.Release|Any CPU.ActiveCfg = Release|Any CPU
		{B4D19E8C-E92A-4678-9730-50FCA5463DA1}.Release|Any CPU.Build.0 = Release|Any CPU
	EndGlobalSection
	GlobalSection(SolutionProperties) = preSolution
		HideSolutionNode = FALSE
	EndGlobalSection
	GlobalSection(ExtensibilityGlobals) = postSolution
		SolutionGuid = {C2A488CF-D070-4CE8-848E-912D4175EE7C}
	EndGlobalSection
EndGlobal
